PODS:
  - Flutter (1.0.0)
  - flutter_playground_cpp (0.0.1):
    - Flutter

DEPENDENCIES:
  - Flutter (from `Flutter`)
  - flutter_playground_cpp (from `.symlinks/plugins/flutter_playground_cpp/ios`)

EXTERNAL SOURCES:
  Flutter:
    :path: Flutter
  flutter_playground_cpp:
    :path: ".symlinks/plugins/flutter_playground_cpp/ios"

SPEC CHECKSUMS:
  Flutter: e0871f40cf51350855a761d2e70bf5af5b9b5de7
  flutter_playground_cpp: 8082cbb4ee4a89d6ab23aaf7507017c5eb62513b

PODFILE CHECKSUM: 819463e6a0290f5a72f145ba7cde16e8b6ef0796

COCOAPODS: 1.16.2
