PODS:
  - flutter_playground_cpp (0.0.1):
    - FlutterMacOS
  - FlutterMacOS (1.0.0)

DEPENDENCIES:
  - flutter_playground_cpp (from `Flutter/ephemeral/.symlinks/plugins/flutter_playground_cpp/macos`)
  - FlutterMacOS (from `Flutter/ephemeral`)

EXTERNAL SOURCES:
  flutter_playground_cpp:
    :path: Flutter/ephemeral/.symlinks/plugins/flutter_playground_cpp/macos
  FlutterMacOS:
    :path: Flutter/ephemeral

SPEC CHECKSUMS:
  flutter_playground_cpp: 7c4ef8e5e939ad28233540e3c21e091e5794c39d
  FlutterMacOS: 8f6f14fa908a6fb3fba0cd85dbd81ec4b251fb24

PODFILE CHECKSUM: 236401fc2c932af29a9fcf0e97baeeb2d750d367

COCOAPODS: 1.16.2
